
Microsoft Visual Studio Solution File, Format Version 12.00
Project("{FAE04EC0-301F-11D3-BF4B-00C04F79EFBC}") = "Ticketing", "Ticketing\Ticketing.csproj", "{36D09197-2C7D-4979-A46D-A9A9B1CE1138}"
EndProject
Global
	GlobalSection(SolutionConfigurationPlatforms) = preSolution
		Debug|Any CPU = Debug|Any CPU
		Release|Any CPU = Release|Any CPU
	EndGlobalSection
	GlobalSection(ProjectConfigurationPlatforms) = postSolution
		{36D09197-2C7D-4979-A46D-A9A9B1CE1138}.Debug|Any CPU.ActiveCfg = Debug|Any CPU
		{36D09197-2C7D-4979-A46D-A9A9B1CE1138}.Debug|Any CPU.Build.0 = Debug|Any CPU
		{36D09197-2C7D-4979-A46D-A9A9B1CE1138}.Release|Any CPU.ActiveCfg = Release|Any CPU
		{36D09197-2C7D-4979-A46D-A9A9B1CE1138}.Release|Any CPU.Build.0 = Release|Any CPU
	EndGlobalSection
EndGlobal
